
Microsoft Visual Studio Solution File, Format Version 12.00
# Visual Studio Version 17
VisualStudioVersion = 17.9.34728.123
MinimumVisualStudioVersion = 10.0.40219.1
Project("{9A19103F-16F7-4668-BE54-9A1E7A4F7556}") = "DynTree", "DynTree\DynTree.csproj", "{7B36C087-5C99-4439-97FA-1DFE47474CF1}"
EndProject
Project("{9A19103F-16F7-4668-BE54-9A1E7A4F7556}") = "DynTree.Tests", "DynTree.Tests\DynTree.Tests.csproj", "{BE2210D7-4788-4A8B-9596-5FDDCE8CF367}"
EndProject
Project("{9A19103F-16F7-4668-BE54-9A1E7A4F7556}") = "Benchmark", "Benchmark\Benchmark.csproj", "{62BAC92A-A71C-470E-AEF6-0A66952210F6}"
EndProject
Global
	GlobalSection(SolutionConfigurationPlatforms) = preSolution
		Debug|Any CPU = Debug|Any CPU
		Release|Any CPU = Release|Any CPU
	EndGlobalSection
	GlobalSection(ProjectConfigurationPlatforms) = postSolution
		{7B36C087-5C99-4439-97FA-1DFE47474CF1}.Debug|Any CPU.ActiveCfg = Debug|Any CPU
		{7B36C087-5C99-4439-97FA-1DFE47474CF1}.Debug|Any CPU.Build.0 = Debug|Any CPU
		{7B36C087-5C99-4439-97FA-1DFE47474CF1}.Release|Any CPU.ActiveCfg = Release|Any CPU
		{7B36C087-5C99-4439-97FA-1DFE47474CF1}.Release|Any CPU.Build.0 = Release|Any CPU
		{BE2210D7-4788-4A8B-9596-5FDDCE8CF367}.Debug|Any CPU.ActiveCfg = Debug|Any CPU
		{BE2210D7-4788-4A8B-9596-5FDDCE8CF367}.Debug|Any CPU.Build.0 = Debug|Any CPU
		{BE2210D7-4788-4A8B-9596-5FDDCE8CF367}.Release|Any CPU.ActiveCfg = Release|Any CPU
		{BE2210D7-4788-4A8B-9596-5FDDCE8CF367}.Release|Any CPU.Build.0 = Release|Any CPU
		{62BAC92A-A71C-470E-AEF6-0A66952210F6}.Debug|Any CPU.ActiveCfg = Debug|Any CPU
		{62BAC92A-A71C-470E-AEF6-0A66952210F6}.Debug|Any CPU.Build.0 = Debug|Any CPU
		{62BAC92A-A71C-470E-AEF6-0A66952210F6}.Release|Any CPU.ActiveCfg = Release|Any CPU
		{62BAC92A-A71C-470E-AEF6-0A66952210F6}.Release|Any CPU.Build.0 = Release|Any CPU
	EndGlobalSection
	GlobalSection(SolutionProperties) = preSolution
		HideSolutionNode = FALSE
	EndGlobalSection
	GlobalSection(ExtensibilityGlobals) = postSolution
		SolutionGuid = {79FA834A-394D-4163-8184-23054DD2F02A}
	EndGlobalSection
EndGlobal
